
Microsoft Visual Studio Solution File, Format Version 12.00
# Visual Studio Version 16
VisualStudioVersion = 16.0.28803.156
MinimumVisualStudioVersion = 10.0.40219.1
Project("{FAE04EC0-301F-11D3-BF4B-00C04F79EFBC}") = "Msi.AspNetCore.UnitOfWork.Example", "Msi.AspNetCore.UnitOfWork.Example\Msi.AspNetCore.UnitOfWork.Example.csproj", "{C9F18C03-AE9B-4B57-A003-E5CE334A590D}"
EndProject
Project("{FAE04EC0-301F-11D3-BF4B-00C04F79EFBC}") = "Msi.AspNetCore.UnitOfWork", "Msi.AspNetCore.UnitOfWork\Msi.AspNetCore.UnitOfWork.csproj", "{7C2B97C4-2646-442D-9678-C3BB14201F1E}"
EndProject
Global
	GlobalSection(SolutionConfigurationPlatforms) = preSolution
		Debug|Any CPU = Debug|Any CPU
		Release|Any CPU = Release|Any CPU
	EndGlobalSection
	GlobalSection(ProjectConfigurationPlatforms) = postSolution
		{C9F18C03-AE9B-4B57-A003-E5CE334A590D}.Debug|Any CPU.ActiveCfg = Debug|Any CPU
		{C9F18C03-AE9B-4B57-A003-E5CE334A590D}.Debug|Any CPU.Build.0 = Debug|Any CPU
		{C9F18C03-AE9B-4B57-A003-E5CE334A590D}.Release|Any CPU.ActiveCfg = Release|Any CPU
		{C9F18C03-AE9B-4B57-A003-E5CE334A590D}.Release|Any CPU.Build.0 = Release|Any CPU
		{7C2B97C4-2646-442D-9678-C3BB14201F1E}.Debug|Any CPU.ActiveCfg = Debug|Any CPU
		{7C2B97C4-2646-442D-9678-C3BB14201F1E}.Debug|Any CPU.Build.0 = Debug|Any CPU
		{7C2B97C4-2646-442D-9678-C3BB14201F1E}.Release|Any CPU.ActiveCfg = Release|Any CPU
		{7C2B97C4-2646-442D-9678-C3BB14201F1E}.Release|Any CPU.Build.0 = Release|Any CPU
	EndGlobalSection
	GlobalSection(SolutionProperties) = preSolution
		HideSolutionNode = FALSE
	EndGlobalSection
	GlobalSection(ExtensibilityGlobals) = postSolution
		SolutionGuid = {5DC594CA-6C28-4DA0-95AE-1D64E8E24191}
	EndGlobalSection
EndGlobal
